
Microsoft Visual Studio Solution File, Format Version 12.00
# Visual Studio Version 16
VisualStudioVersion = 16.0.31105.61
MinimumVisualStudioVersion = 10.0.40219.1
Project("{FAE04EC0-301F-11D3-BF4B-00C04F79EFBC}") = "SalonWebApplication", "SalonWebApplication\SalonWebApplication.csproj", "{607F9C9A-7A1D-4FF7-BB8D-886298718BF0}"
EndProject
Global
	GlobalSection(SolutionConfigurationPlatforms) = preSolution
		Debug|Any CPU = Debug|Any CPU
		Release|Any CPU = Release|Any CPU
	EndGlobalSection
	GlobalSection(ProjectConfigurationPlatforms) = postSolution
		{607F9C9A-7A1D-4FF7-BB8D-886298718BF0}.Debug|Any CPU.ActiveCfg = Debug|Any CPU
		{607F9C9A-7A1D-4FF7-BB8D-886298718BF0}.Debug|Any CPU.Build.0 = Debug|Any CPU
		{607F9C9A-7A1D-4FF7-BB8D-886298718BF0}.Release|Any CPU.ActiveCfg = Release|Any CPU
		{607F9C9A-7A1D-4FF7-BB8D-886298718BF0}.Release|Any CPU.Build.0 = Release|Any CPU
	EndGlobalSection
	GlobalSection(SolutionProperties) = preSolution
		HideSolutionNode = FALSE
	EndGlobalSection
	GlobalSection(ExtensibilityGlobals) = postSolution
		SolutionGuid = {53715114-0843-4F5E-8F8C-9C6801F06F01}
	EndGlobalSection
EndGlobal
